<?xml version="1.0" encoding="utf-8"?>
<Project ToolsVersion="4.0" xmlns="http://schemas.microsoft.com/developer/msbuild/2003">
  <ItemGroup>
    <Filter Include="Source Files">
      <UniqueIdentifier>{7ed80b03-98a8-4ac6-8d69-f89352612e4b}</UniqueIdentifier>
      <Extensions>cpp;c;cxx;rc;def;r;odl;idl;hpj;bat</Extensions>
    </Filter>
    <Filter Include="Header Files">
      <UniqueIdentifier>{852bcffc-c1ed-4b08-886c-43b49c88cb3b}</UniqueIdentifier>
      <Extensions>h;hpp;hxx;hm;inl</Extensions>
    </Filter>
    <Filter Include="Resource Files">
      <UniqueIdentifier>{b151ed7e-a292-4fcd-9183-79527bd19837}</UniqueIdentifier>
      <Extensions>ico;cur;bmp;dlg;rc2;rct;bin;rgs;gif;jpg;jpeg;jpe</Extensions>
    </Filter>
  </ItemGroup>
  <ItemGroup>
    <ClCompile Include="ddutil.cpp">
      <Filter>Source Files</Filter>
    </ClCompile>
    <ClCompile Include="DXMng.cpp">
      <Filter>Source Files</Filter>
    </ClCompile>
    <ClCompile Include="DxWFrame.cpp">
      <Filter>Source Files</Filter>
    </ClCompile>
    <ClCompile Include="FpsMng.cpp">
      <Filter>Source Files</Filter>
    </ClCompile>
    <ClCompile Include="DxDClass.cpp">
      <Filter>Source Files</Filter>
    </ClCompile>
    <ClCompile Include="LockPixelFx.cpp">
      <Filter>Source Files</Filter>
    </ClCompile>
    <ClCompile Include="Enemy.cpp">
      <Filter>Source Files</Filter>
    </ClCompile>
    <ClCompile Include="HHSound.cpp">
      <Filter>Source Files</Filter>
    </ClCompile>
    <ClCompile Include="Rank.cpp">
      <Filter>Source Files</Filter>
    </ClCompile>
  </ItemGroup>
  <ItemGroup>
    <ClInclude Include="ddutil.h">
      <Filter>Header Files</Filter>
    </ClInclude>
    <ClInclude Include="DxMng.h">
      <Filter>Header Files</Filter>
    </ClInclude>
    <ClInclude Include="DxWFrame.h">
      <Filter>Header Files</Filter>
    </ClInclude>
    <ClInclude Include="FpsMng.h">
      <Filter>Header Files</Filter>
    </ClInclude>
    <ClInclude Include="DxDClass.h">
      <Filter>Header Files</Filter>
    </ClInclude>
    <ClInclude Include="LockPixelFx.h">
      <Filter>Header Files</Filter>
    </ClInclude>
    <ClInclude Include="EnemyH.h">
      <Filter>Header Files</Filter>
    </ClInclude>
    <ClInclude Include="HHSound.h">
      <Filter>Header Files</Filter>
    </ClInclude>
    <ClInclude Include="RankH.h">
      <Filter>Header Files</Filter>
    </ClInclude>
  </ItemGroup>
</Project>